
Microsoft Visual Studio Solution File, Format Version 12.00
# Visual Studio Version 16
VisualStudioVersion = 16.0.29613.14
MinimumVisualStudioVersion = 10.0.40219.1
Project("{FAE04EC0-301F-11D3-BF4B-00C04F79EFBC}") = "FanucInterfaceSample", "FanucInterfaceSample\FanucInterfaceSample.csproj", "{37320E33-A48E-4108-95BD-9AE8D0A0C27D}"
EndProject
Project("{FAE04EC0-301F-11D3-BF4B-00C04F79EFBC}") = "FanucRobIntelface", "FanucRobIntelface\FanucRobIntelface.csproj", "{8D70246D-C514-4D7C-A23D-99CE09444BFD}"
EndProject
Global
	GlobalSection(SolutionConfigurationPlatforms) = preSolution
		Debug|Any CPU = Debug|Any CPU
		Release|Any CPU = Release|Any CPU
	EndGlobalSection
	GlobalSection(ProjectConfigurationPlatforms) = postSolution
		{37320E33-A48E-4108-95BD-9AE8D0A0C27D}.Debug|Any CPU.ActiveCfg = Debug|Any CPU
		{37320E33-A48E-4108-95BD-9AE8D0A0C27D}.Debug|Any CPU.Build.0 = Debug|Any CPU
		{37320E33-A48E-4108-95BD-9AE8D0A0C27D}.Release|Any CPU.ActiveCfg = Release|Any CPU
		{37320E33-A48E-4108-95BD-9AE8D0A0C27D}.Release|Any CPU.Build.0 = Release|Any CPU
		{8D70246D-C514-4D7C-A23D-99CE09444BFD}.Debug|Any CPU.ActiveCfg = Debug|Any CPU
		{8D70246D-C514-4D7C-A23D-99CE09444BFD}.Debug|Any CPU.Build.0 = Debug|Any CPU
		{8D70246D-C514-4D7C-A23D-99CE09444BFD}.Release|Any CPU.ActiveCfg = Release|Any CPU
		{8D70246D-C514-4D7C-A23D-99CE09444BFD}.Release|Any CPU.Build.0 = Release|Any CPU
	EndGlobalSection
	GlobalSection(SolutionProperties) = preSolution
		HideSolutionNode = FALSE
	EndGlobalSection
	GlobalSection(ExtensibilityGlobals) = postSolution
		SolutionGuid = {160B3D72-8A8B-4635-9DFF-4485ABD3CCF5}
	EndGlobalSection
EndGlobal
